// !$*UTF8*$!
{
	archiveVersion = 1;
	classes = {
	};
	objectVersion = 56;
	objects = {

/* Begin PBXBuildFile section */
		222AF8332B7A3741005D46FF /* Wei.swift in Sources */ = {isa = PBXBuildFile; fileRef = 222AF8322B7A3741005D46FF /* Wei.swift */; };
		2235FCB42B7A1B2B0068F8F0 /* Colors.swift in Sources */ = {isa = PBXBuildFile; fileRef = 2235FCB32B7A1B2B0068F8F0 /* Colors.swift */; };
		223B26C02B827D5600D3C9D8 /* WidgetKit.framework in Frameworks */ = {isa = PBXBuildFile; fileRef = 223B26BF2B827D5600D3C9D8 /* WidgetKit.framework */; };
		223B26C22B827D5600D3C9D8 /* SwiftUI.framework in Frameworks */ = {isa = PBXBuildFile; fileRef = 223B26C12B827D5600D3C9D8 /* SwiftUI.framework */; };
		223B26C52B827D5600D3C9D8 /* NodeAdminWidgetBundle.swift in Sources */ = {isa = PBXBuildFile; fileRef = 223B26C42B827D5600D3C9D8 /* NodeAdminWidgetBundle.swift */; };
		223B26C92B827D5600D3C9D8 /* NodeAdminWidget.swift in Sources */ = {isa = PBXBuildFile; fileRef = 223B26C82B827D5600D3C9D8 /* NodeAdminWidget.swift */; };
		223B26CD2B827D5700D3C9D8 /* Assets.xcassets in Resources */ = {isa = PBXBuildFile; fileRef = 223B26CC2B827D5700D3C9D8 /* Assets.xcassets */; };
		223B26D12B827D5700D3C9D8 /* NodeAdminWidgetExtension.appex in Embed Foundation Extensions */ = {isa = PBXBuildFile; fileRef = 223B26BD2B827D5600D3C9D8 /* NodeAdminWidgetExtension.appex */; settings = {ATTRIBUTES = (RemoveHeadersOnCopy, ); }; };
		223B26D72B82836800D3C9D8 /* Alamofire in Frameworks */ = {isa = PBXBuildFile; productRef = 223B26D62B82836800D3C9D8 /* Alamofire */; };
		223B26E02B833CE200D3C9D8 /* Modifiers.swift in Sources */ = {isa = PBXBuildFile; fileRef = 229E00C32B78411A00C8943B /* Modifiers.swift */; };
		223B26E12B833CEF00D3C9D8 /* Colors.swift in Sources */ = {isa = PBXBuildFile; fileRef = 2235FCB32B7A1B2B0068F8F0 /* Colors.swift */; };
		223B26E22B833D0B00D3C9D8 /* Wei.swift in Sources */ = {isa = PBXBuildFile; fileRef = 222AF8322B7A3741005D46FF /* Wei.swift */; };
		223B26E32B833D2000D3C9D8 /* AccountBalances.swift in Sources */ = {isa = PBXBuildFile; fileRef = 229E00C12B78357E00C8943B /* AccountBalances.swift */; };
		223B26E42B833D3A00D3C9D8 /* SavedAccount.swift in Sources */ = {isa = PBXBuildFile; fileRef = 2268C6A82B800F2A005E930E /* SavedAccount.swift */; };
		223B26E62B833EE700D3C9D8 /* AccountStore.swift in Sources */ = {isa = PBXBuildFile; fileRef = 22EF92322B78210100322F94 /* AccountStore.swift */; };
		223B26E72B833F4A00D3C9D8 /* AccountAddresses.swift in Sources */ = {isa = PBXBuildFile; fileRef = 22EF92382B78242200322F94 /* AccountAddresses.swift */; };
		223B26E82B833F5E00D3C9D8 /* Utils.swift in Sources */ = {isa = PBXBuildFile; fileRef = 22EF923D2B782C1A00322F94 /* Utils.swift */; };
		223B27062B83846000D3C9D8 /* AppIntent.swift in Sources */ = {isa = PBXBuildFile; fileRef = 223B27042B837F6400D3C9D8 /* AppIntent.swift */; };
		22665BD82B78CD020068F83E /* PeerItemView.swift in Sources */ = {isa = PBXBuildFile; fileRef = 22665BD72B78CD020068F83E /* PeerItemView.swift */; };
		22665BDA2B78CD980068F83E /* PeerDetailView.swift in Sources */ = {isa = PBXBuildFile; fileRef = 22665BD92B78CD980068F83E /* PeerDetailView.swift */; };
		22665BDC2B78D1470068F83E /* Channels.swift in Sources */ = {isa = PBXBuildFile; fileRef = 22665BDB2B78D1470068F83E /* Channels.swift */; };
		22665BDE2B78D2940068F83E /* ChannelsStore.swift in Sources */ = {isa = PBXBuildFile; fileRef = 22665BDD2B78D2940068F83E /* ChannelsStore.swift */; };
		22665BE12B78D3A70068F83E /* ChannelsView.swift in Sources */ = {isa = PBXBuildFile; fileRef = 22665BE02B78D3A70068F83E /* ChannelsView.swift */; };
		22665BE52B78D6390068F83E /* ChannelItemView.swift in Sources */ = {isa = PBXBuildFile; fileRef = 22665BE42B78D6390068F83E /* ChannelItemView.swift */; };
		22665BE72B792D0A0068F83E /* HomeView.swift in Sources */ = {isa = PBXBuildFile; fileRef = 22665BE62B792D0A0068F83E /* HomeView.swift */; };
		2268C6A92B800F2A005E930E /* SavedAccount.swift in Sources */ = {isa = PBXBuildFile; fileRef = 2268C6A82B800F2A005E930E /* SavedAccount.swift */; };
		2268C6AC2B80221C005E930E /* SheetView.swift in Sources */ = {isa = PBXBuildFile; fileRef = 2268C6AB2B80221C005E930E /* SheetView.swift */; };
		22874B322B7A7F1700F7C601 /* AliasesStore.swift in Sources */ = {isa = PBXBuildFile; fileRef = 22874B312B7A7F1700F7C601 /* AliasesStore.swift */; };
		22874B362B7ABE0700F7C601 /* PeersStore.swift in Sources */ = {isa = PBXBuildFile; fileRef = 22874B352B7ABE0700F7C601 /* PeersStore.swift */; };
		22874B382B7ABE6100F7C601 /* PeersPing.swift in Sources */ = {isa = PBXBuildFile; fileRef = 22874B372B7ABE6100F7C601 /* PeersPing.swift */; };
		229E00C22B78357E00C8943B /* AccountBalances.swift in Sources */ = {isa = PBXBuildFile; fileRef = 229E00C12B78357E00C8943B /* AccountBalances.swift */; };
		229E00C42B78411A00C8943B /* Modifiers.swift in Sources */ = {isa = PBXBuildFile; fileRef = 229E00C32B78411A00C8943B /* Modifiers.swift */; };
		229E00C62B7842F100C8943B /* NodeStore.swift in Sources */ = {isa = PBXBuildFile; fileRef = 229E00C52B7842F100C8943B /* NodeStore.swift */; };
		229E00C82B78432F00C8943B /* NodeVersion.swift in Sources */ = {isa = PBXBuildFile; fileRef = 229E00C72B78432F00C8943B /* NodeVersion.swift */; };
		229E00CC2B784C5E00C8943B /* NodePeers.swift in Sources */ = {isa = PBXBuildFile; fileRef = 229E00CB2B784C5E00C8943B /* NodePeers.swift */; };
		229E00CF2B784DED00C8943B /* PeersView.swift in Sources */ = {isa = PBXBuildFile; fileRef = 229E00CE2B784DED00C8943B /* PeersView.swift */; };
		229E00D12B78522400C8943B /* NodeInfo.swift in Sources */ = {isa = PBXBuildFile; fileRef = 229E00D02B78522400C8943B /* NodeInfo.swift */; };
		229E00D32B7855CE00C8943B /* TicketsStatistics.swift in Sources */ = {isa = PBXBuildFile; fileRef = 229E00D22B7855CE00C8943B /* TicketsStatistics.swift */; };
		229E00D52B78566B00C8943B /* TicketsStore.swift in Sources */ = {isa = PBXBuildFile; fileRef = 229E00D42B78566B00C8943B /* TicketsStore.swift */; };
		229E00D72B7856E500C8943B /* APIViewModel.swift in Sources */ = {isa = PBXBuildFile; fileRef = 229E00D62B7856E500C8943B /* APIViewModel.swift */; };
		22EDF3262B7BA61A0068DD43 /* ChannelsPostChannel.swift in Sources */ = {isa = PBXBuildFile; fileRef = 22EDF3252B7BA61A0068DD43 /* ChannelsPostChannel.swift */; };
		22EF92242B7820A500322F94 /* NodeAdminApp.swift in Sources */ = {isa = PBXBuildFile; fileRef = 22EF92232B7820A500322F94 /* NodeAdminApp.swift */; };
		22EF92262B7820A500322F94 /* ContentView.swift in Sources */ = {isa = PBXBuildFile; fileRef = 22EF92252B7820A500322F94 /* ContentView.swift */; };
		22EF92282B7820A600322F94 /* Assets.xcassets in Resources */ = {isa = PBXBuildFile; fileRef = 22EF92272B7820A600322F94 /* Assets.xcassets */; };
		22EF922B2B7820A600322F94 /* Preview Assets.xcassets in Resources */ = {isa = PBXBuildFile; fileRef = 22EF922A2B7820A600322F94 /* Preview Assets.xcassets */; };
		22EF92332B78210100322F94 /* AccountStore.swift in Sources */ = {isa = PBXBuildFile; fileRef = 22EF92322B78210100322F94 /* AccountStore.swift */; };
		22EF92362B78223800322F94 /* Alamofire in Frameworks */ = {isa = PBXBuildFile; productRef = 22EF92352B78223800322F94 /* Alamofire */; };
		22EF92392B78242200322F94 /* AccountAddresses.swift in Sources */ = {isa = PBXBuildFile; fileRef = 22EF92382B78242200322F94 /* AccountAddresses.swift */; };
		22EF923E2B782C1A00322F94 /* Utils.swift in Sources */ = {isa = PBXBuildFile; fileRef = 22EF923D2B782C1A00322F94 /* Utils.swift */; };
		22EF92442B782DB600322F94 /* SettingsView.swift in Sources */ = {isa = PBXBuildFile; fileRef = 22EF92432B782DB600322F94 /* SettingsView.swift */; };
/* End PBXBuildFile section */

/* Begin PBXContainerItemProxy section */
		223B26CF2B827D5700D3C9D8 /* PBXContainerItemProxy */ = {
			isa = PBXContainerItemProxy;
			containerPortal = 22EF92182B7820A500322F94 /* Project object */;
			proxyType = 1;
			remoteGlobalIDString = 223B26BC2B827D5600D3C9D8;
			remoteInfo = NodeAdminWidgetExtension;
		};
/* End PBXContainerItemProxy section */

/* Begin PBXCopyFilesBuildPhase section */
		223B26D22B827D5700D3C9D8 /* Embed Foundation Extensions */ = {
			isa = PBXCopyFilesBuildPhase;
			buildActionMask = 2147483647;
			dstPath = "";
			dstSubfolderSpec = 13;
			files = (
				223B26D12B827D5700D3C9D8 /* NodeAdminWidgetExtension.appex in Embed Foundation Extensions */,
			);
			name = "Embed Foundation Extensions";
			runOnlyForDeploymentPostprocessing = 0;
		};
/* End PBXCopyFilesBuildPhase section */

/* Begin PBXFileReference section */
		222AF8322B7A3741005D46FF /* Wei.swift */ = {isa = PBXFileReference; lastKnownFileType = sourcecode.swift; path = Wei.swift; sourceTree = "<group>"; };
		2235FCB32B7A1B2B0068F8F0 /* Colors.swift */ = {isa = PBXFileReference; lastKnownFileType = sourcecode.swift; path = Colors.swift; sourceTree = "<group>"; };
		223B26BD2B827D5600D3C9D8 /* NodeAdminWidgetExtension.appex */ = {isa = PBXFileReference; explicitFileType = "wrapper.app-extension"; includeInIndex = 0; path = NodeAdminWidgetExtension.appex; sourceTree = BUILT_PRODUCTS_DIR; };
		223B26BF2B827D5600D3C9D8 /* WidgetKit.framework */ = {isa = PBXFileReference; lastKnownFileType = wrapper.framework; name = WidgetKit.framework; path = System/Library/Frameworks/WidgetKit.framework; sourceTree = SDKROOT; };
		223B26C12B827D5600D3C9D8 /* SwiftUI.framework */ = {isa = PBXFileReference; lastKnownFileType = wrapper.framework; name = SwiftUI.framework; path = System/Library/Frameworks/SwiftUI.framework; sourceTree = SDKROOT; };
		223B26C42B827D5600D3C9D8 /* NodeAdminWidgetBundle.swift */ = {isa = PBXFileReference; lastKnownFileType = sourcecode.swift; path = NodeAdminWidgetBundle.swift; sourceTree = "<group>"; };
		223B26C82B827D5600D3C9D8 /* NodeAdminWidget.swift */ = {isa = PBXFileReference; lastKnownFileType = sourcecode.swift; path = NodeAdminWidget.swift; sourceTree = "<group>"; };
		223B26CC2B827D5700D3C9D8 /* Assets.xcassets */ = {isa = PBXFileReference; lastKnownFileType = folder.assetcatalog; path = Assets.xcassets; sourceTree = "<group>"; };
		223B26CE2B827D5700D3C9D8 /* Info.plist */ = {isa = PBXFileReference; lastKnownFileType = text.plist.xml; path = Info.plist; sourceTree = "<group>"; };
		223B26D82B82867100D3C9D8 /* NodeAdminWidgetExtension.entitlements */ = {isa = PBXFileReference; lastKnownFileType = text.plist.entitlements; path = NodeAdminWidgetExtension.entitlements; sourceTree = "<group>"; };
		223B26D92B82875E00D3C9D8 /* NodeAdmin.entitlements */ = {isa = PBXFileReference; lastKnownFileType = text.plist.entitlements; path = NodeAdmin.entitlements; sourceTree = "<group>"; };
		223B27042B837F6400D3C9D8 /* AppIntent.swift */ = {isa = PBXFileReference; fileEncoding = 4; lastKnownFileType = sourcecode.swift; path = AppIntent.swift; sourceTree = "<group>"; };
		22665BD72B78CD020068F83E /* PeerItemView.swift */ = {isa = PBXFileReference; lastKnownFileType = sourcecode.swift; path = PeerItemView.swift; sourceTree = "<group>"; };
		22665BD92B78CD980068F83E /* PeerDetailView.swift */ = {isa = PBXFileReference; lastKnownFileType = sourcecode.swift; path = PeerDetailView.swift; sourceTree = "<group>"; };
		22665BDB2B78D1470068F83E /* Channels.swift */ = {isa = PBXFileReference; lastKnownFileType = sourcecode.swift; path = Channels.swift; sourceTree = "<group>"; };
		22665BDD2B78D2940068F83E /* ChannelsStore.swift */ = {isa = PBXFileReference; lastKnownFileType = sourcecode.swift; path = ChannelsStore.swift; sourceTree = "<group>"; };
		22665BE02B78D3A70068F83E /* ChannelsView.swift */ = {isa = PBXFileReference; lastKnownFileType = sourcecode.swift; path = ChannelsView.swift; sourceTree = "<group>"; };
		22665BE42B78D6390068F83E /* ChannelItemView.swift */ = {isa = PBXFileReference; lastKnownFileType = sourcecode.swift; path = ChannelItemView.swift; sourceTree = "<group>"; };
		22665BE62B792D0A0068F83E /* HomeView.swift */ = {isa = PBXFileReference; lastKnownFileType = sourcecode.swift; path = HomeView.swift; sourceTree = "<group>"; };
		2268C6A82B800F2A005E930E /* SavedAccount.swift */ = {isa = PBXFileReference; lastKnownFileType = sourcecode.swift; path = SavedAccount.swift; sourceTree = "<group>"; };
		2268C6AB2B80221C005E930E /* SheetView.swift */ = {isa = PBXFileReference; lastKnownFileType = sourcecode.swift; path = SheetView.swift; sourceTree = "<group>"; };
		22874B312B7A7F1700F7C601 /* AliasesStore.swift */ = {isa = PBXFileReference; lastKnownFileType = sourcecode.swift; path = AliasesStore.swift; sourceTree = "<group>"; };
		22874B352B7ABE0700F7C601 /* PeersStore.swift */ = {isa = PBXFileReference; lastKnownFileType = sourcecode.swift; path = PeersStore.swift; sourceTree = "<group>"; };
		22874B372B7ABE6100F7C601 /* PeersPing.swift */ = {isa = PBXFileReference; lastKnownFileType = sourcecode.swift; path = PeersPing.swift; sourceTree = "<group>"; };
		229E00C12B78357E00C8943B /* AccountBalances.swift */ = {isa = PBXFileReference; lastKnownFileType = sourcecode.swift; path = AccountBalances.swift; sourceTree = "<group>"; };
		229E00C32B78411A00C8943B /* Modifiers.swift */ = {isa = PBXFileReference; lastKnownFileType = sourcecode.swift; path = Modifiers.swift; sourceTree = "<group>"; };
		229E00C52B7842F100C8943B /* NodeStore.swift */ = {isa = PBXFileReference; lastKnownFileType = sourcecode.swift; path = NodeStore.swift; sourceTree = "<group>"; };
		229E00C72B78432F00C8943B /* NodeVersion.swift */ = {isa = PBXFileReference; lastKnownFileType = sourcecode.swift; path = NodeVersion.swift; sourceTree = "<group>"; };
		229E00CB2B784C5E00C8943B /* NodePeers.swift */ = {isa = PBXFileReference; lastKnownFileType = sourcecode.swift; path = NodePeers.swift; sourceTree = "<group>"; };
		229E00CE2B784DED00C8943B /* PeersView.swift */ = {isa = PBXFileReference; lastKnownFileType = sourcecode.swift; path = PeersView.swift; sourceTree = "<group>"; };
		229E00D02B78522400C8943B /* NodeInfo.swift */ = {isa = PBXFileReference; lastKnownFileType = sourcecode.swift; path = NodeInfo.swift; sourceTree = "<group>"; };
		229E00D22B7855CE00C8943B /* TicketsStatistics.swift */ = {isa = PBXFileReference; lastKnownFileType = sourcecode.swift; path = TicketsStatistics.swift; sourceTree = "<group>"; };
		229E00D42B78566B00C8943B /* TicketsStore.swift */ = {isa = PBXFileReference; lastKnownFileType = sourcecode.swift; path = TicketsStore.swift; sourceTree = "<group>"; };
		229E00D62B7856E500C8943B /* APIViewModel.swift */ = {isa = PBXFileReference; lastKnownFileType = sourcecode.swift; path = APIViewModel.swift; sourceTree = "<group>"; };
		22EDF3252B7BA61A0068DD43 /* ChannelsPostChannel.swift */ = {isa = PBXFileReference; lastKnownFileType = sourcecode.swift; path = ChannelsPostChannel.swift; sourceTree = "<group>"; };
		22EF92202B7820A500322F94 /* NodeAdmin.app */ = {isa = PBXFileReference; explicitFileType = wrapper.application; includeInIndex = 0; path = NodeAdmin.app; sourceTree = BUILT_PRODUCTS_DIR; };
		22EF92232B7820A500322F94 /* NodeAdminApp.swift */ = {isa = PBXFileReference; lastKnownFileType = sourcecode.swift; path = NodeAdminApp.swift; sourceTree = "<group>"; };
		22EF92252B7820A500322F94 /* ContentView.swift */ = {isa = PBXFileReference; lastKnownFileType = sourcecode.swift; path = ContentView.swift; sourceTree = "<group>"; };
		22EF92272B7820A600322F94 /* Assets.xcassets */ = {isa = PBXFileReference; lastKnownFileType = folder.assetcatalog; path = Assets.xcassets; sourceTree = "<group>"; };
		22EF922A2B7820A600322F94 /* Preview Assets.xcassets */ = {isa = PBXFileReference; lastKnownFileType = folder.assetcatalog; path = "Preview Assets.xcassets"; sourceTree = "<group>"; };
		22EF92322B78210100322F94 /* AccountStore.swift */ = {isa = PBXFileReference; lastKnownFileType = sourcecode.swift; path = AccountStore.swift; sourceTree = "<group>"; };
		22EF92382B78242200322F94 /* AccountAddresses.swift */ = {isa = PBXFileReference; lastKnownFileType = sourcecode.swift; path = AccountAddresses.swift; sourceTree = "<group>"; };
		22EF923C2B782AC200322F94 /* Info.plist */ = {isa = PBXFileReference; lastKnownFileType = text.plist; path = Info.plist; sourceTree = "<group>"; };
		22EF923D2B782C1A00322F94 /* Utils.swift */ = {isa = PBXFileReference; lastKnownFileType = sourcecode.swift; path = Utils.swift; sourceTree = "<group>"; };
		22EF92432B782DB600322F94 /* SettingsView.swift */ = {isa = PBXFileReference; lastKnownFileType = sourcecode.swift; path = SettingsView.swift; sourceTree = "<group>"; };
/* End PBXFileReference section */

/* Begin PBXFrameworksBuildPhase section */
		223B26BA2B827D5600D3C9D8 /* Frameworks */ = {
			isa = PBXFrameworksBuildPhase;
			buildActionMask = 2147483647;
			files = (
				223B26D72B82836800D3C9D8 /* Alamofire in Frameworks */,
				223B26C22B827D5600D3C9D8 /* SwiftUI.framework in Frameworks */,
				223B26C02B827D5600D3C9D8 /* WidgetKit.framework in Frameworks */,
			);
			runOnlyForDeploymentPostprocessing = 0;
		};
		22EF921D2B7820A500322F94 /* Frameworks */ = {
			isa = PBXFrameworksBuildPhase;
			buildActionMask = 2147483647;
			files = (
				22EF92362B78223800322F94 /* Alamofire in Frameworks */,
			);
			runOnlyForDeploymentPostprocessing = 0;
		};
/* End PBXFrameworksBuildPhase section */

/* Begin PBXGroup section */
		223B26BE2B827D5600D3C9D8 /* Frameworks */ = {
			isa = PBXGroup;
			children = (
				223B26BF2B827D5600D3C9D8 /* WidgetKit.framework */,
				223B26C12B827D5600D3C9D8 /* SwiftUI.framework */,
			);
			name = Frameworks;
			sourceTree = "<group>";
		};
		223B26C32B827D5600D3C9D8 /* NodeAdminWidget */ = {
			isa = PBXGroup;
			children = (
				223B27042B837F6400D3C9D8 /* AppIntent.swift */,
				223B26C42B827D5600D3C9D8 /* NodeAdminWidgetBundle.swift */,
				223B26C82B827D5600D3C9D8 /* NodeAdminWidget.swift */,
				223B26CC2B827D5700D3C9D8 /* Assets.xcassets */,
				223B26CE2B827D5700D3C9D8 /* Info.plist */,
			);
			path = NodeAdminWidget;
			sourceTree = "<group>";
		};
		22665BD62B78CB460068F83E /* ViewModels */ = {
			isa = PBXGroup;
			children = (
				229E00D62B7856E500C8943B /* APIViewModel.swift */,
			);
			path = ViewModels;
			sourceTree = "<group>";
		};
		22665BDF2B78D3350068F83E /* Channels */ = {
			isa = PBXGroup;
			children = (
				22665BE02B78D3A70068F83E /* ChannelsView.swift */,
				22665BE42B78D6390068F83E /* ChannelItemView.swift */,
			);
			path = Channels;
			sourceTree = "<group>";
		};
		2268C6AA2B802211005E930E /* Views */ = {
			isa = PBXGroup;
			children = (
				2268C6AB2B80221C005E930E /* SheetView.swift */,
			);
			path = Views;
			sourceTree = "<group>";
		};
		229E00CD2B784DD900C8943B /* Peers */ = {
			isa = PBXGroup;
			children = (
				229E00CE2B784DED00C8943B /* PeersView.swift */,
				22665BD72B78CD020068F83E /* PeerItemView.swift */,
				22665BD92B78CD980068F83E /* PeerDetailView.swift */,
			);
			path = Peers;
			sourceTree = "<group>";
		};
		22EF92172B7820A500322F94 = {
			isa = PBXGroup;
			children = (
				223B26D82B82867100D3C9D8 /* NodeAdminWidgetExtension.entitlements */,
				22EF92222B7820A500322F94 /* NodeAdmin */,
				223B26C32B827D5600D3C9D8 /* NodeAdminWidget */,
				223B26BE2B827D5600D3C9D8 /* Frameworks */,
				22EF92212B7820A500322F94 /* Products */,
			);
			sourceTree = "<group>";
		};
		22EF92212B7820A500322F94 /* Products */ = {
			isa = PBXGroup;
			children = (
				22EF92202B7820A500322F94 /* NodeAdmin.app */,
				223B26BD2B827D5600D3C9D8 /* NodeAdminWidgetExtension.appex */,
			);
			name = Products;
			sourceTree = "<group>";
		};
		22EF92222B7820A500322F94 /* NodeAdmin */ = {
			isa = PBXGroup;
			children = (
				223B26D92B82875E00D3C9D8 /* NodeAdmin.entitlements */,
				22EF923C2B782AC200322F94 /* Info.plist */,
				22665BDF2B78D3350068F83E /* Channels */,
				22EF923F2B782D4E00322F94 /* Home */,
				22EF92372B78241600322F94 /* Models */,
				229E00CD2B784DD900C8943B /* Peers */,
				22EF92312B7820C800322F94 /* Services */,
				22EF92422B782DAC00322F94 /* Settings */,
				2268C6AA2B802211005E930E /* Views */,
				22665BD62B78CB460068F83E /* ViewModels */,
				22EF92232B7820A500322F94 /* NodeAdminApp.swift */,
				22EF92252B7820A500322F94 /* ContentView.swift */,
				2235FCB32B7A1B2B0068F8F0 /* Colors.swift */,
				229E00C32B78411A00C8943B /* Modifiers.swift */,
				22EF92272B7820A600322F94 /* Assets.xcassets */,
				22EF92292B7820A600322F94 /* Preview Content */,
			);
			path = NodeAdmin;
			sourceTree = "<group>";
		};
		22EF92292B7820A600322F94 /* Preview Content */ = {
			isa = PBXGroup;
			children = (
				22EF922A2B7820A600322F94 /* Preview Assets.xcassets */,
			);
			path = "Preview Content";
			sourceTree = "<group>";
		};
		22EF92312B7820C800322F94 /* Services */ = {
			isa = PBXGroup;
			children = (
				22EF92322B78210100322F94 /* AccountStore.swift */,
				22874B312B7A7F1700F7C601 /* AliasesStore.swift */,
				22665BDD2B78D2940068F83E /* ChannelsStore.swift */,
				229E00C52B7842F100C8943B /* NodeStore.swift */,
				22874B352B7ABE0700F7C601 /* PeersStore.swift */,
				229E00D42B78566B00C8943B /* TicketsStore.swift */,
				22EF923D2B782C1A00322F94 /* Utils.swift */,
			);
			path = Services;
			sourceTree = "<group>";
		};
		22EF92372B78241600322F94 /* Models */ = {
			isa = PBXGroup;
			children = (
				22EF92382B78242200322F94 /* AccountAddresses.swift */,
				229E00C12B78357E00C8943B /* AccountBalances.swift */,
				22665BDB2B78D1470068F83E /* Channels.swift */,
				22EDF3252B7BA61A0068DD43 /* ChannelsPostChannel.swift */,
				229E00C72B78432F00C8943B /* NodeVersion.swift */,
				229E00CB2B784C5E00C8943B /* NodePeers.swift */,
				229E00D02B78522400C8943B /* NodeInfo.swift */,
				22874B372B7ABE6100F7C601 /* PeersPing.swift */,
				229E00D22B7855CE00C8943B /* TicketsStatistics.swift */,
				222AF8322B7A3741005D46FF /* Wei.swift */,
				2268C6A82B800F2A005E930E /* SavedAccount.swift */,
			);
			path = Models;
			sourceTree = "<group>";
		};
		22EF923F2B782D4E00322F94 /* Home */ = {
			isa = PBXGroup;
			children = (
				22665BE62B792D0A0068F83E /* HomeView.swift */,
			);
			path = Home;
			sourceTree = "<group>";
		};
		22EF92422B782DAC00322F94 /* Settings */ = {
			isa = PBXGroup;
			children = (
				22EF92432B782DB600322F94 /* SettingsView.swift */,
			);
			path = Settings;
			sourceTree = "<group>";
		};
/* End PBXGroup section */

/* Begin PBXNativeTarget section */
		223B26BC2B827D5600D3C9D8 /* NodeAdminWidgetExtension */ = {
			isa = PBXNativeTarget;
			buildConfigurationList = 223B26D52B827D5700D3C9D8 /* Build configuration list for PBXNativeTarget "NodeAdminWidgetExtension" */;
			buildPhases = (
				223B26B92B827D5600D3C9D8 /* Sources */,
				223B26BA2B827D5600D3C9D8 /* Frameworks */,
				223B26BB2B827D5600D3C9D8 /* Resources */,
			);
			buildRules = (
			);
			dependencies = (
			);
			name = NodeAdminWidgetExtension;
			packageProductDependencies = (
				223B26D62B82836800D3C9D8 /* Alamofire */,
			);
			productName = NodeAdminWidgetExtension;
			productReference = 223B26BD2B827D5600D3C9D8 /* NodeAdminWidgetExtension.appex */;
			productType = "com.apple.product-type.app-extension";
		};
		22EF921F2B7820A500322F94 /* NodeAdmin */ = {
			isa = PBXNativeTarget;
			buildConfigurationList = 22EF922E2B7820A600322F94 /* Build configuration list for PBXNativeTarget "NodeAdmin" */;
			buildPhases = (
				22EF921C2B7820A500322F94 /* Sources */,
				22EF921D2B7820A500322F94 /* Frameworks */,
				22EF921E2B7820A500322F94 /* Resources */,
				223B26D22B827D5700D3C9D8 /* Embed Foundation Extensions */,
			);
			buildRules = (
			);
			dependencies = (
				223B26D02B827D5700D3C9D8 /* PBXTargetDependency */,
			);
			name = NodeAdmin;
			packageProductDependencies = (
				22EF92352B78223800322F94 /* Alamofire */,
			);
			productName = NodeAdmin;
			productReference = 22EF92202B7820A500322F94 /* NodeAdmin.app */;
			productType = "com.apple.product-type.application";
		};
/* End PBXNativeTarget section */

/* Begin PBXProject section */
		22EF92182B7820A500322F94 /* Project object */ = {
			isa = PBXProject;
			attributes = {
				BuildIndependentTargetsInParallel = 1;
				LastSwiftUpdateCheck = 1520;
				LastUpgradeCheck = 1520;
				TargetAttributes = {
					223B26BC2B827D5600D3C9D8 = {
						CreatedOnToolsVersion = 15.2;
					};
					22EF921F2B7820A500322F94 = {
						CreatedOnToolsVersion = 15.2;
					};
				};
			};
			buildConfigurationList = 22EF921B2B7820A500322F94 /* Build configuration list for PBXProject "NodeAdmin" */;
			compatibilityVersion = "Xcode 14.0";
			developmentRegion = en;
			hasScannedForEncodings = 0;
			knownRegions = (
				en,
				Base,
			);
			mainGroup = 22EF92172B7820A500322F94;
			packageReferences = (
				22EF92342B78223800322F94 /* XCRemoteSwiftPackageReference "Alamofire" */,
			);
			productRefGroup = 22EF92212B7820A500322F94 /* Products */;
			projectDirPath = "";
			projectRoot = "";
			targets = (
				22EF921F2B7820A500322F94 /* NodeAdmin */,
				223B26BC2B827D5600D3C9D8 /* NodeAdminWidgetExtension */,
			);
		};
/* End PBXProject section */

/* Begin PBXResourcesBuildPhase section */
		223B26BB2B827D5600D3C9D8 /* Resources */ = {
			isa = PBXResourcesBuildPhase;
			buildActionMask = 2147483647;
			files = (
				223B26CD2B827D5700D3C9D8 /* Assets.xcassets in Resources */,
			);
			runOnlyForDeploymentPostprocessing = 0;
		};
		22EF921E2B7820A500322F94 /* Resources */ = {
			isa = PBXResourcesBuildPhase;
			buildActionMask = 2147483647;
			files = (
				22EF922B2B7820A600322F94 /* Preview Assets.xcassets in Resources */,
				22EF92282B7820A600322F94 /* Assets.xcassets in Resources */,
			);
			runOnlyForDeploymentPostprocessing = 0;
		};
/* End PBXResourcesBuildPhase section */

/* Begin PBXSourcesBuildPhase section */
		223B26B92B827D5600D3C9D8 /* Sources */ = {
			isa = PBXSourcesBuildPhase;
			buildActionMask = 2147483647;
			files = (
				223B26C92B827D5600D3C9D8 /* NodeAdminWidget.swift in Sources */,
				223B26E12B833CEF00D3C9D8 /* Colors.swift in Sources */,
				223B26E02B833CE200D3C9D8 /* Modifiers.swift in Sources */,
				223B26E72B833F4A00D3C9D8 /* AccountAddresses.swift in Sources */,
				223B27062B83846000D3C9D8 /* AppIntent.swift in Sources */,
				223B26E42B833D3A00D3C9D8 /* SavedAccount.swift in Sources */,
				223B26E82B833F5E00D3C9D8 /* Utils.swift in Sources */,
				223B26E22B833D0B00D3C9D8 /* Wei.swift in Sources */,
				223B26E32B833D2000D3C9D8 /* AccountBalances.swift in Sources */,
				223B26C52B827D5600D3C9D8 /* NodeAdminWidgetBundle.swift in Sources */,
				223B26E62B833EE700D3C9D8 /* AccountStore.swift in Sources */,
			);
			runOnlyForDeploymentPostprocessing = 0;
		};
		22EF921C2B7820A500322F94 /* Sources */ = {
			isa = PBXSourcesBuildPhase;
			buildActionMask = 2147483647;
			files = (
				22665BD82B78CD020068F83E /* PeerItemView.swift in Sources */,
				22EF92332B78210100322F94 /* AccountStore.swift in Sources */,
				2268C6AC2B80221C005E930E /* SheetView.swift in Sources */,
				22EF92442B782DB600322F94 /* SettingsView.swift in Sources */,
				22874B382B7ABE6100F7C601 /* PeersPing.swift in Sources */,
				229E00D72B7856E500C8943B /* APIViewModel.swift in Sources */,
				22EF92262B7820A500322F94 /* ContentView.swift in Sources */,
				229E00C42B78411A00C8943B /* Modifiers.swift in Sources */,
				22EDF3262B7BA61A0068DD43 /* ChannelsPostChannel.swift in Sources */,
				229E00CF2B784DED00C8943B /* PeersView.swift in Sources */,
				2268C6A92B800F2A005E930E /* SavedAccount.swift in Sources */,
				229E00CC2B784C5E00C8943B /* NodePeers.swift in Sources */,
				229E00D32B7855CE00C8943B /* TicketsStatistics.swift in Sources */,
				229E00C22B78357E00C8943B /* AccountBalances.swift in Sources */,
				22874B322B7A7F1700F7C601 /* AliasesStore.swift in Sources */,
				22874B362B7ABE0700F7C601 /* PeersStore.swift in Sources */,
				22EF92392B78242200322F94 /* AccountAddresses.swift in Sources */,
				222AF8332B7A3741005D46FF /* Wei.swift in Sources */,
				22EF92242B7820A500322F94 /* NodeAdminApp.swift in Sources */,
				22665BDA2B78CD980068F83E /* PeerDetailView.swift in Sources */,
				229E00D52B78566B00C8943B /* TicketsStore.swift in Sources */,
				229E00C82B78432F00C8943B /* NodeVersion.swift in Sources */,
				2235FCB42B7A1B2B0068F8F0 /* Colors.swift in Sources */,
				229E00D12B78522400C8943B /* NodeInfo.swift in Sources */,
				22665BDE2B78D2940068F83E /* ChannelsStore.swift in Sources */,
				22665BDC2B78D1470068F83E /* Channels.swift in Sources */,
				22EF923E2B782C1A00322F94 /* Utils.swift in Sources */,
				22665BE12B78D3A70068F83E /* ChannelsView.swift in Sources */,
				22665BE52B78D6390068F83E /* ChannelItemView.swift in Sources */,
				22665BE72B792D0A0068F83E /* HomeView.swift in Sources */,
				229E00C62B7842F100C8943B /* NodeStore.swift in Sources */,
			);
			runOnlyForDeploymentPostprocessing = 0;
		};
/* End PBXSourcesBuildPhase section */

/* Begin PBXTargetDependency section */
		223B26D02B827D5700D3C9D8 /* PBXTargetDependency */ = {
			isa = PBXTargetDependency;
			target = 223B26BC2B827D5600D3C9D8 /* NodeAdminWidgetExtension */;
			targetProxy = 223B26CF2B827D5700D3C9D8 /* PBXContainerItemProxy */;
		};
/* End PBXTargetDependency section */

/* Begin XCBuildConfiguration section */
		223B26D32B827D5700D3C9D8 /* Debug */ = {
			isa = XCBuildConfiguration;
			buildSettings = {
				ASSETCATALOG_COMPILER_GLOBAL_ACCENT_COLOR_NAME = AccentColor;
				ASSETCATALOG_COMPILER_WIDGET_BACKGROUND_COLOR_NAME = WidgetBackground;
				CODE_SIGN_ENTITLEMENTS = NodeAdminWidgetExtension.entitlements;
				CODE_SIGN_STYLE = Automatic;
				CURRENT_PROJECT_VERSION = 11;
				DEVELOPMENT_TEAM = 2CS9SQ5H88;
				GENERATE_INFOPLIST_FILE = YES;
				INFOPLIST_FILE = NodeAdminWidget/Info.plist;
				INFOPLIST_KEY_CFBundleDisplayName = NodeAdminWidget;
				INFOPLIST_KEY_NSHumanReadableCopyright = "";
				IPHONEOS_DEPLOYMENT_TARGET = 17.0;
				LD_RUNPATH_SEARCH_PATHS = (
					"$(inherited)",
					"@executable_path/Frameworks",
					"@executable_path/../../Frameworks",
				);
				MARKETING_VERSION = 0.2;
				PRODUCT_BUNDLE_IDENTIFIER = io.gidehu.NodeAdmin.NodeAdminWidget;
				PRODUCT_NAME = "$(TARGET_NAME)";
				SKIP_INSTALL = YES;
				SUPPORTED_PLATFORMS = "iphoneos iphonesimulator";
				SUPPORTS_MACCATALYST = NO;
				SUPPORTS_MAC_DESIGNED_FOR_IPHONE_IPAD = NO;
				SUPPORTS_XR_DESIGNED_FOR_IPHONE_IPAD = NO;
				SWIFT_EMIT_LOC_STRINGS = YES;
				SWIFT_VERSION = 5.0;
				TARGETED_DEVICE_FAMILY = 1;
			};
			name = Debug;
		};
		223B26D42B827D5700D3C9D8 /* Release */ = {
			isa = XCBuildConfiguration;
			buildSettings = {
				ASSETCATALOG_COMPILER_GLOBAL_ACCENT_COLOR_NAME = AccentColor;
				ASSETCATALOG_COMPILER_WIDGET_BACKGROUND_COLOR_NAME = WidgetBackground;
				CODE_SIGN_ENTITLEMENTS = NodeAdminWidgetExtension.entitlements;
				CODE_SIGN_STYLE = Automatic;
				CURRENT_PROJECT_VERSION = 11;
				DEVELOPMENT_TEAM = 2CS9SQ5H88;
				GENERATE_INFOPLIST_FILE = YES;
				INFOPLIST_FILE = NodeAdminWidget/Info.plist;
				INFOPLIST_KEY_CFBundleDisplayName = NodeAdminWidget;
				INFOPLIST_KEY_NSHumanReadableCopyright = "";
				IPHONEOS_DEPLOYMENT_TARGET = 17.0;
				LD_RUNPATH_SEARCH_PATHS = (
					"$(inherited)",
					"@executable_path/Frameworks",
					"@executable_path/../../Frameworks",
				);
				MARKETING_VERSION = 0.2;
				PRODUCT_BUNDLE_IDENTIFIER = io.gidehu.NodeAdmin.NodeAdminWidget;
				PRODUCT_NAME = "$(TARGET_NAME)";
				SKIP_INSTALL = YES;
				SUPPORTED_PLATFORMS = "iphoneos iphonesimulator";
				SUPPORTS_MACCATALYST = NO;
				SUPPORTS_MAC_DESIGNED_FOR_IPHONE_IPAD = NO;
				SUPPORTS_XR_DESIGNED_FOR_IPHONE_IPAD = NO;
				SWIFT_EMIT_LOC_STRINGS = YES;
				SWIFT_VERSION = 5.0;
				TARGETED_DEVICE_FAMILY = 1;
			};
			name = Release;
		};
		22EF922C2B7820A600322F94 /* Debug */ = {
			isa = XCBuildConfiguration;
			buildSettings = {
				ALWAYS_SEARCH_USER_PATHS = NO;
				ASSETCATALOG_COMPILER_GENERATE_SWIFT_ASSET_SYMBOL_EXTENSIONS = YES;
				CLANG_ANALYZER_NONNULL = YES;
				CLANG_ANALYZER_NUMBER_OBJECT_CONVERSION = YES_AGGRESSIVE;
				CLANG_CXX_LANGUAGE_STANDARD = "gnu++20";
				CLANG_ENABLE_MODULES = YES;
				CLANG_ENABLE_OBJC_ARC = YES;
				CLANG_ENABLE_OBJC_WEAK = YES;
				CLANG_WARN_BLOCK_CAPTURE_AUTORELEASING = YES;
				CLANG_WARN_BOOL_CONVERSION = YES;
				CLANG_WARN_COMMA = YES;
				CLANG_WARN_CONSTANT_CONVERSION = YES;
				CLANG_WARN_DEPRECATED_OBJC_IMPLEMENTATIONS = YES;
				CLANG_WARN_DIRECT_OBJC_ISA_USAGE = YES_ERROR;
				CLANG_WARN_DOCUMENTATION_COMMENTS = YES;
				CLANG_WARN_EMPTY_BODY = YES;
				CLANG_WARN_ENUM_CONVERSION = YES;
				CLANG_WARN_INFINITE_RECURSION = YES;
				CLANG_WARN_INT_CONVERSION = YES;
				CLANG_WARN_NON_LITERAL_NULL_CONVERSION = YES;
				CLANG_WARN_OBJC_IMPLICIT_RETAIN_SELF = YES;
				CLANG_WARN_OBJC_LITERAL_CONVERSION = YES;
				CLANG_WARN_OBJC_ROOT_CLASS = YES_ERROR;
				CLANG_WARN_QUOTED_INCLUDE_IN_FRAMEWORK_HEADER = YES;
				CLANG_WARN_RANGE_LOOP_ANALYSIS = YES;
				CLANG_WARN_STRICT_PROTOTYPES = YES;
				CLANG_WARN_SUSPICIOUS_MOVE = YES;
				CLANG_WARN_UNGUARDED_AVAILABILITY = YES_AGGRESSIVE;
				CLANG_WARN_UNREACHABLE_CODE = YES;
				CLANG_WARN__DUPLICATE_METHOD_MATCH = YES;
				COPY_PHASE_STRIP = NO;
				CURRENT_PROJECT_VERSION = "";
				DEBUG_INFORMATION_FORMAT = dwarf;
				ENABLE_STRICT_OBJC_MSGSEND = YES;
				ENABLE_TESTABILITY = YES;
				ENABLE_USER_SCRIPT_SANDBOXING = YES;
				GCC_C_LANGUAGE_STANDARD = gnu17;
				GCC_DYNAMIC_NO_PIC = NO;
				GCC_NO_COMMON_BLOCKS = YES;
				GCC_OPTIMIZATION_LEVEL = 0;
				GCC_PREPROCESSOR_DEFINITIONS = (
					"DEBUG=1",
					"$(inherited)",
				);
				GCC_WARN_64_TO_32_BIT_CONVERSION = YES;
				GCC_WARN_ABOUT_RETURN_TYPE = YES_ERROR;
				GCC_WARN_UNDECLARED_SELECTOR = YES;
				GCC_WARN_UNINITIALIZED_AUTOS = YES_AGGRESSIVE;
				GCC_WARN_UNUSED_FUNCTION = YES;
				GCC_WARN_UNUSED_VARIABLE = YES;
				IPHONEOS_DEPLOYMENT_TARGET = 17.0;
				LOCALIZATION_PREFERS_STRING_CATALOGS = YES;
				MTL_ENABLE_DEBUG_INFO = INCLUDE_SOURCE;
				MTL_FAST_MATH = YES;
				ONLY_ACTIVE_ARCH = YES;
				SDKROOT = iphoneos;
				SWIFT_ACTIVE_COMPILATION_CONDITIONS = "DEBUG $(inherited)";
				SWIFT_OPTIMIZATION_LEVEL = "-Onone";
			};
			name = Debug;
		};
		22EF922D2B7820A600322F94 /* Release */ = {
			isa = XCBuildConfiguration;
			buildSettings = {
				ALWAYS_SEARCH_USER_PATHS = NO;
				ASSETCATALOG_COMPILER_GENERATE_SWIFT_ASSET_SYMBOL_EXTENSIONS = YES;
				CLANG_ANALYZER_NONNULL = YES;
				CLANG_ANALYZER_NUMBER_OBJECT_CONVERSION = YES_AGGRESSIVE;
				CLANG_CXX_LANGUAGE_STANDARD = "gnu++20";
				CLANG_ENABLE_MODULES = YES;
				CLANG_ENABLE_OBJC_ARC = YES;
				CLANG_ENABLE_OBJC_WEAK = YES;
				CLANG_WARN_BLOCK_CAPTURE_AUTORELEASING = YES;
				CLANG_WARN_BOOL_CONVERSION = YES;
				CLANG_WARN_COMMA = YES;
				CLANG_WARN_CONSTANT_CONVERSION = YES;
				CLANG_WARN_DEPRECATED_OBJC_IMPLEMENTATIONS = YES;
				CLANG_WARN_DIRECT_OBJC_ISA_USAGE = YES_ERROR;
				CLANG_WARN_DOCUMENTATION_COMMENTS = YES;
				CLANG_WARN_EMPTY_BODY = YES;
				CLANG_WARN_ENUM_CONVERSION = YES;
				CLANG_WARN_INFINITE_RECURSION = YES;
				CLANG_WARN_INT_CONVERSION = YES;
				CLANG_WARN_NON_LITERAL_NULL_CONVERSION = YES;
				CLANG_WARN_OBJC_IMPLICIT_RETAIN_SELF = YES;
				CLANG_WARN_OBJC_LITERAL_CONVERSION = YES;
				CLANG_WARN_OBJC_ROOT_CLASS = YES_ERROR;
				CLANG_WARN_QUOTED_INCLUDE_IN_FRAMEWORK_HEADER = YES;
				CLANG_WARN_RANGE_LOOP_ANALYSIS = YES;
				CLANG_WARN_STRICT_PROTOTYPES = YES;
				CLANG_WARN_SUSPICIOUS_MOVE = YES;
				CLANG_WARN_UNGUARDED_AVAILABILITY = YES_AGGRESSIVE;
				CLANG_WARN_UNREACHABLE_CODE = YES;
				CLANG_WARN__DUPLICATE_METHOD_MATCH = YES;
				COPY_PHASE_STRIP = NO;
				CURRENT_PROJECT_VERSION = "";
				DEBUG_INFORMATION_FORMAT = "dwarf-with-dsym";
				ENABLE_NS_ASSERTIONS = NO;
				ENABLE_STRICT_OBJC_MSGSEND = YES;
				ENABLE_USER_SCRIPT_SANDBOXING = YES;
				GCC_C_LANGUAGE_STANDARD = gnu17;
				GCC_NO_COMMON_BLOCKS = YES;
				GCC_WARN_64_TO_32_BIT_CONVERSION = YES;
				GCC_WARN_ABOUT_RETURN_TYPE = YES_ERROR;
				GCC_WARN_UNDECLARED_SELECTOR = YES;
				GCC_WARN_UNINITIALIZED_AUTOS = YES_AGGRESSIVE;
				GCC_WARN_UNUSED_FUNCTION = YES;
				GCC_WARN_UNUSED_VARIABLE = YES;
				IPHONEOS_DEPLOYMENT_TARGET = 17.0;
				LOCALIZATION_PREFERS_STRING_CATALOGS = YES;
				MTL_ENABLE_DEBUG_INFO = NO;
				MTL_FAST_MATH = YES;
				SDKROOT = iphoneos;
				SWIFT_COMPILATION_MODE = wholemodule;
				VALIDATE_PRODUCT = YES;
			};
			name = Release;
		};
		22EF922F2B7820A600322F94 /* Debug */ = {
			isa = XCBuildConfiguration;
			buildSettings = {
				ALWAYS_EMBED_SWIFT_STANDARD_LIBRARIES = YES;
				ASSETCATALOG_COMPILER_APPICON_NAME = AppIcon;
				ASSETCATALOG_COMPILER_GLOBAL_ACCENT_COLOR_NAME = AccentColor;
				CODE_SIGN_ENTITLEMENTS = NodeAdmin/NodeAdmin.entitlements;
				CODE_SIGN_STYLE = Automatic;
				CURRENT_PROJECT_VERSION = 11;
				DEVELOPMENT_ASSET_PATHS = "\"NodeAdmin/Preview Content\"";
				DEVELOPMENT_TEAM = 2CS9SQ5H88;
				ENABLE_PREVIEWS = YES;
				GENERATE_INFOPLIST_FILE = YES;
				INFOPLIST_FILE = NodeAdmin/Info.plist;
				INFOPLIST_KEY_UIApplicationSceneManifest_Generation = YES;
				INFOPLIST_KEY_UIApplicationSupportsIndirectInputEvents = YES;
				INFOPLIST_KEY_UILaunchScreen_Generation = YES;
				INFOPLIST_KEY_UISupportedInterfaceOrientations_iPad = "UIInterfaceOrientationPortrait UIInterfaceOrientationPortraitUpsideDown UIInterfaceOrientationLandscapeLeft UIInterfaceOrientationLandscapeRight";
				INFOPLIST_KEY_UISupportedInterfaceOrientations_iPhone = "UIInterfaceOrientationPortrait UIInterfaceOrientationLandscapeLeft UIInterfaceOrientationLandscapeRight";
				LD_RUNPATH_SEARCH_PATHS = (
					"$(inherited)",
					"@executable_path/Frameworks",
				);
				MARKETING_VERSION = 0.2;
				PRODUCT_BUNDLE_IDENTIFIER = io.gidehu.NodeAdmin;
				PRODUCT_NAME = "$(TARGET_NAME)";
				SUPPORTED_PLATFORMS = "iphoneos iphonesimulator";
				SUPPORTS_MACCATALYST = NO;
				SUPPORTS_MAC_DESIGNED_FOR_IPHONE_IPAD = NO;
				SUPPORTS_XR_DESIGNED_FOR_IPHONE_IPAD = NO;
				SWIFT_EMIT_LOC_STRINGS = YES;
				SWIFT_VERSION = 5.0;
				TARGETED_DEVICE_FAMILY = 1;
			};
			name = Debug;
		};
		22EF92302B7820A600322F94 /* Release */ = {
			isa = XCBuildConfiguration;
			buildSettings = {
				ALWAYS_EMBED_SWIFT_STANDARD_LIBRARIES = YES;
				ASSETCATALOG_COMPILER_APPICON_NAME = AppIcon;
				ASSETCATALOG_COMPILER_GLOBAL_ACCENT_COLOR_NAME = AccentColor;
				CODE_SIGN_ENTITLEMENTS = NodeAdmin/NodeAdmin.entitlements;
				CODE_SIGN_STYLE = Automatic;
				CURRENT_PROJECT_VERSION = 11;
				DEVELOPMENT_ASSET_PATHS = "\"NodeAdmin/Preview Content\"";
				DEVELOPMENT_TEAM = 2CS9SQ5H88;
				ENABLE_PREVIEWS = YES;
				GENERATE_INFOPLIST_FILE = YES;
				INFOPLIST_FILE = NodeAdmin/Info.plist;
				INFOPLIST_KEY_UIApplicationSceneManifest_Generation = YES;
				INFOPLIST_KEY_UIApplicationSupportsIndirectInputEvents = YES;
				INFOPLIST_KEY_UILaunchScreen_Generation = YES;
				INFOPLIST_KEY_UISupportedInterfaceOrientations_iPad = "UIInterfaceOrientationPortrait UIInterfaceOrientationPortraitUpsideDown UIInterfaceOrientationLandscapeLeft UIInterfaceOrientationLandscapeRight";
				INFOPLIST_KEY_UISupportedInterfaceOrientations_iPhone = "UIInterfaceOrientationPortrait UIInterfaceOrientationLandscapeLeft UIInterfaceOrientationLandscapeRight";
				LD_RUNPATH_SEARCH_PATHS = (
					"$(inherited)",
					"@executable_path/Frameworks",
				);
				MARKETING_VERSION = 0.2;
				PRODUCT_BUNDLE_IDENTIFIER = io.gidehu.NodeAdmin;
				PRODUCT_NAME = "$(TARGET_NAME)";
				SUPPORTED_PLATFORMS = "iphoneos iphonesimulator";
				SUPPORTS_MACCATALYST = NO;
				SUPPORTS_MAC_DESIGNED_FOR_IPHONE_IPAD = NO;
				SUPPORTS_XR_DESIGNED_FOR_IPHONE_IPAD = NO;
				SWIFT_EMIT_LOC_STRINGS = YES;
				SWIFT_VERSION = 5.0;
				TARGETED_DEVICE_FAMILY = 1;
			};
			name = Release;
		};
/* End XCBuildConfiguration section */

/* Begin XCConfigurationList section */
		223B26D52B827D5700D3C9D8 /* Build configuration list for PBXNativeTarget "NodeAdminWidgetExtension" */ = {
			isa = XCConfigurationList;
			buildConfigurations = (
				223B26D32B827D5700D3C9D8 /* Debug */,
				223B26D42B827D5700D3C9D8 /* Release */,
			);
			defaultConfigurationIsVisible = 0;
			defaultConfigurationName = Release;
		};
		22EF921B2B7820A500322F94 /* Build configuration list for PBXProject "NodeAdmin" */ = {
			isa = XCConfigurationList;
			buildConfigurations = (
				22EF922C2B7820A600322F94 /* Debug */,
				22EF922D2B7820A600322F94 /* Release */,
			);
			defaultConfigurationIsVisible = 0;
			defaultConfigurationName = Release;
		};
		22EF922E2B7820A600322F94 /* Build configuration list for PBXNativeTarget "NodeAdmin" */ = {
			isa = XCConfigurationList;
			buildConfigurations = (
				22EF922F2B7820A600322F94 /* Debug */,
				22EF92302B7820A600322F94 /* Release */,
			);
			defaultConfigurationIsVisible = 0;
			defaultConfigurationName = Release;
		};
/* End XCConfigurationList section */

/* Begin XCRemoteSwiftPackageReference section */
		22EF92342B78223800322F94 /* XCRemoteSwiftPackageReference "Alamofire" */ = {
			isa = XCRemoteSwiftPackageReference;
			repositoryURL = "https://github.com/Alamofire/Alamofire.git";
			requirement = {
				kind = upToNextMajorVersion;
				minimumVersion = 5.8.1;
			};
		};
/* End XCRemoteSwiftPackageReference section */

/* Begin XCSwiftPackageProductDependency section */
		223B26D62B82836800D3C9D8 /* Alamofire */ = {
			isa = XCSwiftPackageProductDependency;
			package = 22EF92342B78223800322F94 /* XCRemoteSwiftPackageReference "Alamofire" */;
			productName = Alamofire;
		};
		22EF92352B78223800322F94 /* Alamofire */ = {
			isa = XCSwiftPackageProductDependency;
			package = 22EF92342B78223800322F94 /* XCRemoteSwiftPackageReference "Alamofire" */;
			productName = Alamofire;
		};
/* End XCSwiftPackageProductDependency section */
	};
	rootObject = 22EF92182B7820A500322F94 /* Project object */;
}
